
Microsoft Visual Studio Solution File, Format Version 12.00
# Visual Studio 15
VisualStudioVersion = 15.0.27130.2027
MinimumVisualStudioVersion = 10.0.40219.1
Project("{FAE04EC0-301F-11D3-BF4B-00C04F79EFBC}") = "NCOMToFAMOSConverterConsole", "NCOMToFAMOSConverterConsole\NCOMToFAMOSConverterConsole.csproj", "{1C243A24-7612-4597-827B-5E5BD0D58701}"
EndProject
Project("{FAE04EC0-301F-11D3-BF4B-00C04F79EFBC}") = "NCOMToFAMOSConverterCore", "..\NCOMToFAMOSConverterCore\NCOMToFAMOSConverterCore\NCOMToFAMOSConverterCore.csproj", "{ED2ED33E-14C4-4F3D-8EB1-AC9DFF8B30A2}"
EndProject
Global
	GlobalSection(SolutionConfigurationPlatforms) = preSolution
		Debug|Any CPU = Debug|Any CPU
		Release|Any CPU = Release|Any CPU
	EndGlobalSection
	GlobalSection(ProjectConfigurationPlatforms) = postSolution
		{1C243A24-7612-4597-827B-5E5BD0D58701}.Debug|Any CPU.ActiveCfg = Debug|Any CPU
		{1C243A24-7612-4597-827B-5E5BD0D58701}.Debug|Any CPU.Build.0 = Debug|Any CPU
		{1C243A24-7612-4597-827B-5E5BD0D58701}.Release|Any CPU.ActiveCfg = Release|Any CPU
		{1C243A24-7612-4597-827B-5E5BD0D58701}.Release|Any CPU.Build.0 = Release|Any CPU
		{ED2ED33E-14C4-4F3D-8EB1-AC9DFF8B30A2}.Debug|Any CPU.ActiveCfg = Debug|Any CPU
		{ED2ED33E-14C4-4F3D-8EB1-AC9DFF8B30A2}.Debug|Any CPU.Build.0 = Debug|Any CPU
		{ED2ED33E-14C4-4F3D-8EB1-AC9DFF8B30A2}.Release|Any CPU.ActiveCfg = Release|Any CPU
		{ED2ED33E-14C4-4F3D-8EB1-AC9DFF8B30A2}.Release|Any CPU.Build.0 = Release|Any CPU
	EndGlobalSection
	GlobalSection(SolutionProperties) = preSolution
		HideSolutionNode = FALSE
	EndGlobalSection
	GlobalSection(ExtensibilityGlobals) = postSolution
		SolutionGuid = {1E2BC05F-E716-4E7A-A6D3-6188472FF4C8}
	EndGlobalSection
EndGlobal
